// !$*UTF8*$!
{
	archiveVersion = 1;
	classes = {
	};
	objectVersion = 46;
	objects = {

/* Begin PBXBuildFile section */
		E239FCCD1EDF8F3C0085889C /* AppDelegate.swift in Sources */ = {isa = PBXBuildFile; fileRef = E239FCCC1EDF8F3C0085889C /* AppDelegate.swift */; };
		E239FCCF1EDF8F3C0085889C /* ViewController.swift in Sources */ = {isa = PBXBuildFile; fileRef = E239FCCE1EDF8F3C0085889C /* ViewController.swift */; };
		E239FCD21EDF8F3C0085889C /* Main.storyboard in Resources */ = {isa = PBXBuildFile; fileRef = E239FCD01EDF8F3C0085889C /* Main.storyboard */; };
		E239FCD41EDF8F3C0085889C /* Assets.xcassets in Resources */ = {isa = PBXBuildFile; fileRef = E239FCD31EDF8F3C0085889C /* Assets.xcassets */; };
		E239FCD71EDF8F3C0085889C /* LaunchScreen.storyboard in Resources */ = {isa = PBXBuildFile; fileRef = E239FCD51EDF8F3C0085889C /* LaunchScreen.storyboard */; };
		E239FCE21EDF8F3D0085889C /* SimulinvestTests.swift in Sources */ = {isa = PBXBuildFile; fileRef = E239FCE11EDF8F3D0085889C /* SimulinvestTests.swift */; };
		E257B97F1EE61C0C00DED6CA /* resultadoSimulacaoFixaViewController.swift in Sources */ = {isa = PBXBuildFile; fileRef = E257B97E1EE61C0C00DED6CA /* resultadoSimulacaoFixaViewController.swift */; };
		E257B9861EE620F400DED6CA /* Investment.swift in Sources */ = {isa = PBXBuildFile; fileRef = E257B9851EE620F400DED6CA /* Investment.swift */; };
/* End PBXBuildFile section */

/* Begin PBXContainerItemProxy section */
		E239FCDE1EDF8F3D0085889C /* PBXContainerItemProxy */ = {
			isa = PBXContainerItemProxy;
			containerPortal = E239FCC11EDF8F3C0085889C /* Project object */;
			proxyType = 1;
			remoteGlobalIDString = E239FCC81EDF8F3C0085889C;
			remoteInfo = Simulinvest;
		};
/* End PBXContainerItemProxy section */

/* Begin PBXFileReference section */
		E239FCC91EDF8F3C0085889C /* Simulinvest.app */ = {isa = PBXFileReference; explicitFileType = wrapper.application; includeInIndex = 0; path = Simulinvest.app; sourceTree = BUILT_PRODUCTS_DIR; };
		E239FCCC1EDF8F3C0085889C /* AppDelegate.swift */ = {isa = PBXFileReference; lastKnownFileType = sourcecode.swift; path = AppDelegate.swift; sourceTree = "<group>"; };
		E239FCCE1EDF8F3C0085889C /* ViewController.swift */ = {isa = PBXFileReference; lastKnownFileType = sourcecode.swift; path = ViewController.swift; sourceTree = "<group>"; };
		E239FCD11EDF8F3C0085889C /* Base */ = {isa = PBXFileReference; lastKnownFileType = file.storyboard; name = Base; path = Base.lproj/Main.storyboard; sourceTree = "<group>"; };
		E239FCD31EDF8F3C0085889C /* Assets.xcassets */ = {isa = PBXFileReference; lastKnownFileType = folder.assetcatalog; path = Assets.xcassets; sourceTree = "<group>"; };
		E239FCD61EDF8F3C0085889C /* Base */ = {isa = PBXFileReference; lastKnownFileType = file.storyboard; name = Base; path = Base.lproj/LaunchScreen.storyboard; sourceTree = "<group>"; };
		E239FCD81EDF8F3C0085889C /* Info.plist */ = {isa = PBXFileReference; lastKnownFileType = text.plist.xml; path = Info.plist; sourceTree = "<group>"; };
		E239FCDD1EDF8F3D0085889C /* SimulinvestTests.xctest */ = {isa = PBXFileReference; explicitFileType = wrapper.cfbundle; includeInIndex = 0; path = SimulinvestTests.xctest; sourceTree = BUILT_PRODUCTS_DIR; };
		E239FCE11EDF8F3D0085889C /* SimulinvestTests.swift */ = {isa = PBXFileReference; lastKnownFileType = sourcecode.swift; path = SimulinvestTests.swift; sourceTree = "<group>"; };
		E239FCE31EDF8F3D0085889C /* Info.plist */ = {isa = PBXFileReference; lastKnownFileType = text.plist.xml; path = Info.plist; sourceTree = "<group>"; };
		E257B97E1EE61C0C00DED6CA /* resultadoSimulacaoFixaViewController.swift */ = {isa = PBXFileReference; fileEncoding = 4; lastKnownFileType = sourcecode.swift; path = resultadoSimulacaoFixaViewController.swift; sourceTree = "<group>"; };
		E257B9851EE620F400DED6CA /* Investment.swift */ = {isa = PBXFileReference; fileEncoding = 4; lastKnownFileType = sourcecode.swift; name = Investment.swift; path = ../Investment.swift; sourceTree = "<group>"; };
/* End PBXFileReference section */

/* Begin PBXFrameworksBuildPhase section */
		E239FCC61EDF8F3C0085889C /* Frameworks */ = {
			isa = PBXFrameworksBuildPhase;
			buildActionMask = 2147483647;
			files = (
			);
			runOnlyForDeploymentPostprocessing = 0;
		};
		E239FCDA1EDF8F3D0085889C /* Frameworks */ = {
			isa = PBXFrameworksBuildPhase;
			buildActionMask = 2147483647;
			files = (
			);
			runOnlyForDeploymentPostprocessing = 0;
		};
/* End PBXFrameworksBuildPhase section */

/* Begin PBXGroup section */
		E239FCC01EDF8F3C0085889C = {
			isa = PBXGroup;
			children = (
				E239FCCB1EDF8F3C0085889C /* Simulinvest */,
				E239FCE01EDF8F3D0085889C /* SimulinvestTests */,
				E239FCCA1EDF8F3C0085889C /* Products */,
			);
			sourceTree = "<group>";
		};
		E239FCCA1EDF8F3C0085889C /* Products */ = {
			isa = PBXGroup;
			children = (
				E239FCC91EDF8F3C0085889C /* Simulinvest.app */,
				E239FCDD1EDF8F3D0085889C /* SimulinvestTests.xctest */,
			);
			name = Products;
			sourceTree = "<group>";
		};
		E239FCCB1EDF8F3C0085889C /* Simulinvest */ = {
			isa = PBXGroup;
			children = (
				E257B9851EE620F400DED6CA /* Investment.swift */,
				E257B9801EE61E2700DED6CA /* Model */,
				E239FCCC1EDF8F3C0085889C /* AppDelegate.swift */,
				E239FCCE1EDF8F3C0085889C /* ViewController.swift */,
				E239FCD01EDF8F3C0085889C /* Main.storyboard */,
				E257B97E1EE61C0C00DED6CA /* resultadoSimulacaoFixaViewController.swift */,
				E239FCD31EDF8F3C0085889C /* Assets.xcassets */,
				E239FCD51EDF8F3C0085889C /* LaunchScreen.storyboard */,
				E239FCD81EDF8F3C0085889C /* Info.plist */,
			);
			path = Simulinvest;
			sourceTree = "<group>";
		};
		E239FCE01EDF8F3D0085889C /* SimulinvestTests */ = {
			isa = PBXGroup;
			children = (
				E239FCE11EDF8F3D0085889C /* SimulinvestTests.swift */,
				E239FCE31EDF8F3D0085889C /* Info.plist */,
			);
			path = SimulinvestTests;
			sourceTree = "<group>";
		};
		E257B9801EE61E2700DED6CA /* Model */ = {
			isa = PBXGroup;
			children = (
			);
			name = Model;
			sourceTree = "<group>";
		};
/* End PBXGroup section */

/* Begin PBXNativeTarget section */
		E239FCC81EDF8F3C0085889C /* Simulinvest */ = {
			isa = PBXNativeTarget;
			buildConfigurationList = E239FCE61EDF8F3D0085889C /* Build configuration list for PBXNativeTarget "Simulinvest" */;
			buildPhases = (
				E239FCC51EDF8F3C0085889C /* Sources */,
				E239FCC61EDF8F3C0085889C /* Frameworks */,
				E239FCC71EDF8F3C0085889C /* Resources */,
			);
			buildRules = (
			);
			dependencies = (
			);
			name = Simulinvest;
			productName = Simulinvest;
			productReference = E239FCC91EDF8F3C0085889C /* Simulinvest.app */;
			productType = "com.apple.product-type.application";
		};
		E239FCDC1EDF8F3D0085889C /* SimulinvestTests */ = {
			isa = PBXNativeTarget;
			buildConfigurationList = E239FCE91EDF8F3D0085889C /* Build configuration list for PBXNativeTarget "SimulinvestTests" */;
			buildPhases = (
				E239FCD91EDF8F3D0085889C /* Sources */,
				E239FCDA1EDF8F3D0085889C /* Frameworks */,
				E239FCDB1EDF8F3D0085889C /* Resources */,
			);
			buildRules = (
			);
			dependencies = (
				E239FCDF1EDF8F3D0085889C /* PBXTargetDependency */,
			);
			name = SimulinvestTests;
			productName = SimulinvestTests;
			productReference = E239FCDD1EDF8F3D0085889C /* SimulinvestTests.xctest */;
			productType = "com.apple.product-type.bundle.unit-test";
		};
/* End PBXNativeTarget section */

/* Begin PBXProject section */
		E239FCC11EDF8F3C0085889C /* Project object */ = {
			isa = PBXProject;
			attributes = {
				LastSwiftUpdateCheck = 0820;
				LastUpgradeCheck = 0820;
				ORGANIZATIONNAME = Patati;
				TargetAttributes = {
					E239FCC81EDF8F3C0085889C = {
						CreatedOnToolsVersion = 8.2.1;
						DevelopmentTeam = HXSZ2KDAQZ;
						ProvisioningStyle = Automatic;
					};
					E239FCDC1EDF8F3D0085889C = {
						CreatedOnToolsVersion = 8.2.1;
						DevelopmentTeam = HXSZ2KDAQZ;
						ProvisioningStyle = Automatic;
						TestTargetID = E239FCC81EDF8F3C0085889C;
					};
				};
			};
			buildConfigurationList = E239FCC41EDF8F3C0085889C /* Build configuration list for PBXProject "Simulinvest" */;
			compatibilityVersion = "Xcode 3.2";
			developmentRegion = English;
			hasScannedForEncodings = 0;
			knownRegions = (
				en,
				Base,
			);
			mainGroup = E239FCC01EDF8F3C0085889C;
			productRefGroup = E239FCCA1EDF8F3C0085889C /* Products */;
			projectDirPath = "";
			projectRoot = "";
			targets = (
				E239FCC81EDF8F3C0085889C /* Simulinvest */,
				E239FCDC1EDF8F3D0085889C /* SimulinvestTests */,
			);
		};
/* End PBXProject section */

/* Begin PBXResourcesBuildPhase section */
		E239FCC71EDF8F3C0085889C /* Resources */ = {
			isa = PBXResourcesBuildPhase;
			buildActionMask = 2147483647;
			files = (
				E239FCD71EDF8F3C0085889C /* LaunchScreen.storyboard in Resources */,
				E239FCD41EDF8F3C0085889C /* Assets.xcassets in Resources */,
				E239FCD21EDF8F3C0085889C /* Main.storyboard in Resources */,
			);
			runOnlyForDeploymentPostprocessing = 0;
		};
		E239FCDB1EDF8F3D0085889C /* Resources */ = {
			isa = PBXResourcesBuildPhase;
			buildActionMask = 2147483647;
			files = (
			);
			runOnlyForDeploymentPostprocessing = 0;
		};
/* End PBXResourcesBuildPhase section */

/* Begin PBXSourcesBuildPhase section */
		E239FCC51EDF8F3C0085889C /* Sources */ = {
			isa = PBXSourcesBuildPhase;
			buildActionMask = 2147483647;
			files = (
				E257B9861EE620F400DED6CA /* Investment.swift in Sources */,
				E239FCCF1EDF8F3C0085889C /* ViewController.swift in Sources */,
				E257B97F1EE61C0C00DED6CA /* resultadoSimulacaoFixaViewController.swift in Sources */,
				E239FCCD1EDF8F3C0085889C /* AppDelegate.swift in Sources */,
			);
			runOnlyForDeploymentPostprocessing = 0;
		};
		E239FCD91EDF8F3D0085889C /* Sources */ = {
			isa = PBXSourcesBuildPhase;
			buildActionMask = 2147483647;
			files = (
				E239FCE21EDF8F3D0085889C /* SimulinvestTests.swift in Sources */,
			);
			runOnlyForDeploymentPostprocessing = 0;
		};
/* End PBXSourcesBuildPhase section */

/* Begin PBXTargetDependency section */
		E239FCDF1EDF8F3D0085889C /* PBXTargetDependency */ = {
			isa = PBXTargetDependency;
			target = E239FCC81EDF8F3C0085889C /* Simulinvest */;
			targetProxy = E239FCDE1EDF8F3D0085889C /* PBXContainerItemProxy */;
		};
/* End PBXTargetDependency section */

/* Begin PBXVariantGroup section */
		E239FCD01EDF8F3C0085889C /* Main.storyboard */ = {
			isa = PBXVariantGroup;
			children = (
				E239FCD11EDF8F3C0085889C /* Base */,
			);
			name = Main.storyboard;
			sourceTree = "<group>";
		};
		E239FCD51EDF8F3C0085889C /* LaunchScreen.storyboard */ = {
			isa = PBXVariantGroup;
			children = (
				E239FCD61EDF8F3C0085889C /* Base */,
			);
			name = LaunchScreen.storyboard;
			sourceTree = "<group>";
		};
/* End PBXVariantGroup section */

/* Begin XCBuildConfiguration section */
		E239FCE41EDF8F3D0085889C /* Debug */ = {
			isa = XCBuildConfiguration;
			buildSettings = {
				ALWAYS_SEARCH_USER_PATHS = NO;
				CLANG_ANALYZER_NONNULL = YES;
				CLANG_CXX_LANGUAGE_STANDARD = "gnu++0x";
				CLANG_CXX_LIBRARY = "libc++";
				CLANG_ENABLE_MODULES = YES;
				CLANG_ENABLE_OBJC_ARC = YES;
				CLANG_WARN_BOOL_CONVERSION = YES;
				CLANG_WARN_CONSTANT_CONVERSION = YES;
				CLANG_WARN_DIRECT_OBJC_ISA_USAGE = YES_ERROR;
				CLANG_WARN_DOCUMENTATION_COMMENTS = YES;
				CLANG_WARN_EMPTY_BODY = YES;
				CLANG_WARN_ENUM_CONVERSION = YES;
				CLANG_WARN_INFINITE_RECURSION = YES;
				CLANG_WARN_INT_CONVERSION = YES;
				CLANG_WARN_OBJC_ROOT_CLASS = YES_ERROR;
				CLANG_WARN_SUSPICIOUS_MOVE = YES;
				CLANG_WARN_UNREACHABLE_CODE = YES;
				CLANG_WARN__DUPLICATE_METHOD_MATCH = YES;
				"CODE_SIGN_IDENTITY[sdk=iphoneos*]" = "iPhone Developer";
				COPY_PHASE_STRIP = NO;
				DEBUG_INFORMATION_FORMAT = dwarf;
				ENABLE_STRICT_OBJC_MSGSEND = YES;
				ENABLE_TESTABILITY = YES;
				GCC_C_LANGUAGE_STANDARD = gnu99;
				GCC_DYNAMIC_NO_PIC = NO;
				GCC_NO_COMMON_BLOCKS = YES;
				GCC_OPTIMIZATION_LEVEL = 0;
				GCC_PREPROCESSOR_DEFINITIONS = (
					"DEBUG=1",
					"$(inherited)",
				);
				GCC_WARN_64_TO_32_BIT_CONVERSION = YES;
				GCC_WARN_ABOUT_RETURN_TYPE = YES_ERROR;
				GCC_WARN_UNDECLARED_SELECTOR = YES;
				GCC_WARN_UNINITIALIZED_AUTOS = YES_AGGRESSIVE;
				GCC_WARN_UNUSED_FUNCTION = YES;
				GCC_WARN_UNUSED_VARIABLE = YES;
				IPHONEOS_DEPLOYMENT_TARGET = 10.2;
				MTL_ENABLE_DEBUG_INFO = YES;
				ONLY_ACTIVE_ARCH = YES;
				SDKROOT = iphoneos;
				SWIFT_ACTIVE_COMPILATION_CONDITIONS = DEBUG;
				SWIFT_OPTIMIZATION_LEVEL = "-Onone";
			};
			name = Debug;
		};
		E239FCE51EDF8F3D0085889C /* Release */ = {
			isa = XCBuildConfiguration;
			buildSettings = {
				ALWAYS_SEARCH_USER_PATHS = NO;
				CLANG_ANALYZER_NONNULL = YES;
				CLANG_CXX_LANGUAGE_STANDARD = "gnu++0x";
				CLANG_CXX_LIBRARY = "libc++";
				CLANG_ENABLE_MODULES = YES;
				CLANG_ENABLE_OBJC_ARC = YES;
				CLANG_WARN_BOOL_CONVERSION = YES;
				CLANG_WARN_CONSTANT_CONVERSION = YES;
				CLANG_WARN_DIRECT_OBJC_ISA_USAGE = YES_ERROR;
				CLANG_WARN_DOCUMENTATION_COMMENTS = YES;
				CLANG_WARN_EMPTY_BODY = YES;
				CLANG_WARN_ENUM_CONVERSION = YES;
				CLANG_WARN_INFINITE_RECURSION = YES;
				CLANG_WARN_INT_CONVERSION = YES;
				CLANG_WARN_OBJC_ROOT_CLASS = YES_ERROR;
				CLANG_WARN_SUSPICIOUS_MOVE = YES;
				CLANG_WARN_UNREACHABLE_CODE = YES;
				CLANG_WARN__DUPLICATE_METHOD_MATCH = YES;
				"CODE_SIGN_IDENTITY[sdk=iphoneos*]" = "iPhone Developer";
				COPY_PHASE_STRIP = NO;
				DEBUG_INFORMATION_FORMAT = "dwarf-with-dsym";
				ENABLE_NS_ASSERTIONS = NO;
				ENABLE_STRICT_OBJC_MSGSEND = YES;
				GCC_C_LANGUAGE_STANDARD = gnu99;
				GCC_NO_COMMON_BLOCKS = YES;
				GCC_WARN_64_TO_32_BIT_CONVERSION = YES;
				GCC_WARN_ABOUT_RETURN_TYPE = YES_ERROR;
				GCC_WARN_UNDECLARED_SELECTOR = YES;
				GCC_WARN_UNINITIALIZED_AUTOS = YES_AGGRESSIVE;
				GCC_WARN_UNUSED_FUNCTION = YES;
				GCC_WARN_UNUSED_VARIABLE = YES;
				IPHONEOS_DEPLOYMENT_TARGET = 10.2;
				MTL_ENABLE_DEBUG_INFO = NO;
				SDKROOT = iphoneos;
				SWIFT_OPTIMIZATION_LEVEL = "-Owholemodule";
				VALIDATE_PRODUCT = YES;
			};
			name = Release;
		};
		E239FCE71EDF8F3D0085889C /* Debug */ = {
			isa = XCBuildConfiguration;
			buildSettings = {
				ASSETCATALOG_COMPILER_APPICON_NAME = AppIcon;
				DEVELOPMENT_TEAM = HXSZ2KDAQZ;
				INFOPLIST_FILE = Simulinvest/Info.plist;
				LD_RUNPATH_SEARCH_PATHS = "$(inherited) @executable_path/Frameworks";
				PRODUCT_BUNDLE_IDENTIFIER = PatatiCorp.Simulinvest;
				PRODUCT_NAME = "$(TARGET_NAME)";
				SWIFT_VERSION = 3.0;
			};
			name = Debug;
		};
		E239FCE81EDF8F3D0085889C /* Release */ = {
			isa = XCBuildConfiguration;
			buildSettings = {
				ASSETCATALOG_COMPILER_APPICON_NAME = AppIcon;
				DEVELOPMENT_TEAM = HXSZ2KDAQZ;
				INFOPLIST_FILE = Simulinvest/Info.plist;
				LD_RUNPATH_SEARCH_PATHS = "$(inherited) @executable_path/Frameworks";
				PRODUCT_BUNDLE_IDENTIFIER = PatatiCorp.Simulinvest;
				PRODUCT_NAME = "$(TARGET_NAME)";
				SWIFT_VERSION = 3.0;
			};
			name = Release;
		};
		E239FCEA1EDF8F3D0085889C /* Debug */ = {
			isa = XCBuildConfiguration;
			buildSettings = {
				ALWAYS_EMBED_SWIFT_STANDARD_LIBRARIES = YES;
				BUNDLE_LOADER = "$(TEST_HOST)";
				DEVELOPMENT_TEAM = HXSZ2KDAQZ;
				INFOPLIST_FILE = SimulinvestTests/Info.plist;
				LD_RUNPATH_SEARCH_PATHS = "$(inherited) @executable_path/Frameworks @loader_path/Frameworks";
				PRODUCT_BUNDLE_IDENTIFIER = PatatiCorp.SimulinvestTests;
				PRODUCT_NAME = "$(TARGET_NAME)";
				SWIFT_VERSION = 3.0;
				TEST_HOST = "$(BUILT_PRODUCTS_DIR)/Simulinvest.app/Simulinvest";
			};
			name = Debug;
		};
		E239FCEB1EDF8F3D0085889C /* Release */ = {
			isa = XCBuildConfiguration;
			buildSettings = {
				ALWAYS_EMBED_SWIFT_STANDARD_LIBRARIES = YES;
				BUNDLE_LOADER = "$(TEST_HOST)";
				DEVELOPMENT_TEAM = HXSZ2KDAQZ;
				INFOPLIST_FILE = SimulinvestTests/Info.plist;
				LD_RUNPATH_SEARCH_PATHS = "$(inherited) @executable_path/Frameworks @loader_path/Frameworks";
				PRODUCT_BUNDLE_IDENTIFIER = PatatiCorp.SimulinvestTests;
				PRODUCT_NAME = "$(TARGET_NAME)";
				SWIFT_VERSION = 3.0;
				TEST_HOST = "$(BUILT_PRODUCTS_DIR)/Simulinvest.app/Simulinvest";
			};
			name = Release;
		};
/* End XCBuildConfiguration section */

/* Begin XCConfigurationList section */
		E239FCC41EDF8F3C0085889C /* Build configuration list for PBXProject "Simulinvest" */ = {
			isa = XCConfigurationList;
			buildConfigurations = (
				E239FCE41EDF8F3D0085889C /* Debug */,
				E239FCE51EDF8F3D0085889C /* Release */,
			);
			defaultConfigurationIsVisible = 0;
			defaultConfigurationName = Release;
		};
		E239FCE61EDF8F3D0085889C /* Build configuration list for PBXNativeTarget "Simulinvest" */ = {
			isa = XCConfigurationList;
			buildConfigurations = (
				E239FCE71EDF8F3D0085889C /* Debug */,
				E239FCE81EDF8F3D0085889C /* Release */,
			);
			defaultConfigurationIsVisible = 0;
			defaultConfigurationName = Release;
		};
		E239FCE91EDF8F3D0085889C /* Build configuration list for PBXNativeTarget "SimulinvestTests" */ = {
			isa = XCConfigurationList;
			buildConfigurations = (
				E239FCEA1EDF8F3D0085889C /* Debug */,
				E239FCEB1EDF8F3D0085889C /* Release */,
			);
			defaultConfigurationIsVisible = 0;
			defaultConfigurationName = Release;
		};
/* End XCConfigurationList section */
	};
	rootObject = E239FCC11EDF8F3C0085889C /* Project object */;
}
